
Microsoft Visual Studio Solution File, Format Version 12.00
# Visual Studio Version 17
VisualStudioVersion = 17.9.34728.123
MinimumVisualStudioVersion = 10.0.40219.1
Project("{8BC9CEB8-8B4A-11D0-8D11-00A0C91BC942}") = "부산헹 git", "부산헹 git\부산헹 git.vcxproj", "{68123F4F-6F99-4711-BF4F-5AC3D73EE355}"
EndProject
Global
	GlobalSection(SolutionConfigurationPlatforms) = preSolution
		Debug|x64 = Debug|x64
		Debug|x86 = Debug|x86
		Release|x64 = Release|x64
		Release|x86 = Release|x86
	EndGlobalSection
	GlobalSection(ProjectConfigurationPlatforms) = postSolution
		{68123F4F-6F99-4711-BF4F-5AC3D73EE355}.Debug|x64.ActiveCfg = Debug|x64
		{68123F4F-6F99-4711-BF4F-5AC3D73EE355}.Debug|x64.Build.0 = Debug|x64
		{68123F4F-6F99-4711-BF4F-5AC3D73EE355}.Debug|x86.ActiveCfg = Debug|Win32
		{68123F4F-6F99-4711-BF4F-5AC3D73EE355}.Debug|x86.Build.0 = Debug|Win32
		{68123F4F-6F99-4711-BF4F-5AC3D73EE355}.Release|x64.ActiveCfg = Release|x64
		{68123F4F-6F99-4711-BF4F-5AC3D73EE355}.Release|x64.Build.0 = Release|x64
		{68123F4F-6F99-4711-BF4F-5AC3D73EE355}.Release|x86.ActiveCfg = Release|Win32
		{68123F4F-6F99-4711-BF4F-5AC3D73EE355}.Release|x86.Build.0 = Release|Win32
	EndGlobalSection
	GlobalSection(SolutionProperties) = preSolution
		HideSolutionNode = FALSE
	EndGlobalSection
	GlobalSection(ExtensibilityGlobals) = postSolution
		SolutionGuid = {DE6163DC-BAE5-46CA-858D-AF716064CBFB}
	EndGlobalSection
EndGlobal
